
Microsoft Visual Studio Solution File, Format Version 12.00
# Visual Studio Version 17
VisualStudioVersion = 17.7.33927.210
MinimumVisualStudioVersion = 10.0.40219.1
Project("{9A19103F-16F7-4668-BE54-9A1E7A4F7556}") = "ShopMVP", "CyberHW1_5\ShopMVP.csproj", "{07354950-C8D0-4C57-8F62-B0E475C6ADD4}"
EndProject
Global
	GlobalSection(SolutionConfigurationPlatforms) = preSolution
		Debug|Any CPU = Debug|Any CPU
		Release|Any CPU = Release|Any CPU
	EndGlobalSection
	GlobalSection(ProjectConfigurationPlatforms) = postSolution
		{07354950-C8D0-4C57-8F62-B0E475C6ADD4}.Debug|Any CPU.ActiveCfg = Debug|Any CPU
		{07354950-C8D0-4C57-8F62-B0E475C6ADD4}.Debug|Any CPU.Build.0 = Debug|Any CPU
		{07354950-C8D0-4C57-8F62-B0E475C6ADD4}.Release|Any CPU.ActiveCfg = Release|Any CPU
		{07354950-C8D0-4C57-8F62-B0E475C6ADD4}.Release|Any CPU.Build.0 = Release|Any CPU
	EndGlobalSection
	GlobalSection(SolutionProperties) = preSolution
		HideSolutionNode = FALSE
	EndGlobalSection
	GlobalSection(ExtensibilityGlobals) = postSolution
		SolutionGuid = {8781D2AB-4250-4761-8DF2-9846B931750B}
	EndGlobalSection
EndGlobal
